{
  "version": 4,
  "terraform_version": "1.10.5",
  "serial": 251,
  "lineage": "cef9d51a-af54-f479-0164-0db9c4b6c18b",
  "outputs": {
    "api_gateway_endpoint": {
      "value": "https://85k4kq1755.execute-api.us-east-1.amazonaws.com/Dev/single_response/{proxy+}",
      "type": "string"
    },
    "api_gateway_url": {
      "value": "https://85k4kq1755.execute-api.us-east-1.amazonaws.com/Dev",
      "type": "string"
    }
  },
  "resources": [
    {
      "mode": "data",
      "type": "archive_file",
      "name": "custom_layer",
      "provider": "provider[\"registry.terraform.io/hashicorp/archive\"]",
      "instances": [
        {
          "schema_version": 0,
          "attributes": {
            "exclude_symlink_directories": null,
            "excludes": null,
            "id": "457e5b23227e8912f94744c3e4422e667931b8ed",
            "output_base64sha256": "3KFKW2K2mGCLqDQl931CnJ3//64AJa1jSChwH2T76X0=",
            "output_base64sha512": "IiAzsTs755Nw9/l+q7afL3i3jBaYE46/SyDzvC9XxKbwLq7wA7ib+wKwSWzWbFHoa4r3cMvAv9UDtTNq4DsrLA==",
            "output_file_mode": null,
            "output_md5": "e4ccef5685e05a9481b7e1900b4d0bb3",
            "output_path": "./lambda_layer.zip",
            "output_sha": "457e5b23227e8912f94744c3e4422e667931b8ed",
            "output_sha256": "dca14a5b62b698608ba83425f77d429c9dffffae0025ad634828701f64fbe97d",
            "output_sha512": "222033b13b3be79370f7f97eabb69f2f78b78c1698138ebf4b20f3bc2f57c4a6f02eaef003b89bfb02b0496cd66c51e86b8af770cbc0bfd503b5336ae03b2b2c",
            "output_size": 5506,
            "source": [],
            "source_content": null,
            "source_content_filename": null,
            "source_dir": "./tmp_layer",
            "source_file": null,
            "type": "zip"
          },
          "sensitive_attributes": []
        }
      ]
    },
    {
      "mode": "data",
      "type": "archive_file",
      "name": "invoke_and_store_deepseek_response_archive",
      "provider": "provider[\"registry.terraform.io/hashicorp/archive\"]",
      "instances": [
        {
          "schema_version": 0,
          "attributes": {
            "exclude_symlink_directories": null,
            "excludes": null,
            "id": "735b72f323a91df2a18b81c11e882ba10a97709e",
            "output_base64sha256": "fDHCeRyEegewulgznS43tYLaDEdgdPIetA7XQDRh+8A=",
            "output_base64sha512": "EG4423nfjafqdjpTqpWi+W4QBQTEyhHEfFP4+SsfuHLvMkU9UJ1EoJuWOi1zFOmciIxMUSF8WCYwkxW/LaynxQ==",
            "output_file_mode": null,
            "output_md5": "b4f8ff2472b4681bec4ca6e5836e2e78",
            "output_path": "./invokeDeepSeek.zip",
            "output_sha": "735b72f323a91df2a18b81c11e882ba10a97709e",
            "output_sha256": "7c31c2791c847a07b0ba58339d2e37b582da0c476074f21eb40ed7403461fbc0",
            "output_sha512": "106e38db79df8da7ea763a53aa95a2f96e100504c4ca11c47c53f8f92b1fb872ef32453d509d44a09b963a2d7314e99c888c4c51217c5826309315bf2daca7c5",
            "output_size": 821,
            "source": [],
            "source_content": null,
            "source_content_filename": null,
            "source_dir": null,
            "source_file": "../lambda_code/invokeDeepSeek.mjs",
            "type": "zip"
          },
          "sensitive_attributes": []
        }
      ]
    },
    {
      "mode": "data",
      "type": "archive_file",
      "name": "node_modules_layer",
      "provider": "provider[\"registry.terraform.io/hashicorp/archive\"]",
      "instances": [
        {
          "schema_version": 0,
          "attributes": {
            "exclude_symlink_directories": null,
            "excludes": null,
            "id": "1d75d065dc808c480a0ec5501ad9ce87872d306f",
            "output_base64sha256": "iu4zlEauqKz742RMmIIrPvxPlHGVK1UsOsn5btziUBQ=",
            "output_base64sha512": "FFlvhKk8fTR+Ur1GJ6yW6iOjwn3f/cYHo2hCbTJuj0i7iT/uMWJ3r6qgeyu8+tL+8AZ/uyjj1k294EvkgV0tUQ==",
            "output_file_mode": null,
            "output_md5": "b43a2a422ca25f0fc0d20e6f94667044",
            "output_path": "./node_modules_layer.zip",
            "output_sha": "1d75d065dc808c480a0ec5501ad9ce87872d306f",
            "output_sha256": "8aee339446aea8acfbe3644c98822b3efc4f9471952b552c3ac9f96edce25014",
            "output_sha512": "14596f84a93c7d347e52bd4627ac96ea23a3c27ddffdc607a368426d326e8f48bb893fee316277afaaa07b2bbcfad2fef0067fbb28e3d64dbde04be4815d2d51",
            "output_size": 4528416,
            "source": [],
            "source_content": null,
            "source_content_filename": null,
            "source_dir": "./tmp",
            "source_file": null,
            "type": "zip"
          },
          "sensitive_attributes": []
        }
      ]
    },
    {
      "mode": "data",
      "type": "archive_file",
      "name": "retrieve_deepseek_response_and_send_email_archive",
      "provider": "provider[\"registry.terraform.io/hashicorp/archive\"]",
      "instances": [
        {
          "schema_version": 0,
          "attributes": {
            "exclude_symlink_directories": null,
            "excludes": null,
            "id": "12b1a04cc3f8e7da98c3a874cbe88608f9414db0",
            "output_base64sha256": "OK8kuwpTI+PxnNk5l276lcM6pHqdqKTkBKoCE5SHq5Y=",
            "output_base64sha512": "V4CZZP6QM1O9Clfkz8dXeIUSBLbLshwBacvsMUwsQDVdzoXbfGe3xNv8Cox5P9Vupm+RlGv0hA4QOH3M+aLwBg==",
            "output_file_mode": null,
            "output_md5": "a8bd498d456afd908fc4833975291efb",
            "output_path": "./retrieveResponseFromDynamoDB.zip",
            "output_sha": "12b1a04cc3f8e7da98c3a874cbe88608f9414db0",
            "output_sha256": "38af24bb0a5323e3f19cd939976efa95c33aa47a9da8a4e404aa02139487ab96",
            "output_sha512": "57809964fe903353bd0a57e4cfc75778851204b6cbb21c0169cbec314c2c40355dce85db7c67b7c4dbfc0a8c793fd56ea66f91946bf4840e10387dccf9a2f006",
            "output_size": 799,
            "source": [],
            "source_content": null,
            "source_content_filename": null,
            "source_dir": null,
            "source_file": "../lambda_code/retrieveResponseFromDynamoDB.mjs",
            "type": "zip"
          },
          "sensitive_attributes": []
        }
      ]
    },
    {
      "mode": "managed",
      "type": "aws_api_gateway_account",
      "name": "api_gateway_account",
      "provider": "provider[\"registry.terraform.io/hashicorp/aws\"]",
      "instances": [
        {
          "schema_version": 0,
          "attributes": {
            "api_key_version": "4",
            "cloudwatch_role_arn": "arn:aws:iam::273354626884:role/notion_responder_logs",
            "features": [
              "UsagePlans"
            ],
            "id": "api-gateway-account",
            "reset_on_delete": null,
            "throttle_settings": [
              {
                "burst_limit": 5000,
                "rate_limit": 10000
              }
            ]
          },
          "sensitive_attributes": [],
          "dependencies": [
            "aws_iam_role.apigateway_logs_cloudwatch"
          ]
        }
      ]
    },
    {
      "mode": "managed",
      "type": "aws_apigatewayv2_api",
      "name": "notion_responder",
      "provider": "provider[\"registry.terraform.io/hashicorp/aws\"]",
      "instances": [
        {
          "schema_version": 0,
          "attributes": {
            "api_endpoint": "https://85k4kq1755.execute-api.us-east-1.amazonaws.com",
            "api_key_selection_expression": "$request.header.x-api-key",
            "arn": "arn:aws:apigateway:us-east-1::/apis/85k4kq1755",
            "body": null,
            "cors_configuration": [],
            "credentials_arn": null,
            "description": "This api is responsible for sending questions from Notion and receiving answers from DeepSeek.",
            "disable_execute_api_endpoint": false,
            "execution_arn": "arn:aws:execute-api:us-east-1:273354626884:85k4kq1755",
            "fail_on_warnings": null,
            "id": "85k4kq1755",
            "name": "NotionResponder",
            "protocol_type": "HTTP",
            "route_key": null,
            "route_selection_expression": "$request.method $request.path",
            "tags": {
              "project": "NotionResponder-IAC"
            },
            "tags_all": {
              "project": "NotionResponder-IAC"
            },
            "target": null,
            "version": ""
          },
          "sensitive_attributes": [],
          "private": "bnVsbA=="
        }
      ]
    },
    {
      "mode": "managed",
      "type": "aws_apigatewayv2_deployment",
      "name": "notion_responder_deployment",
      "provider": "provider[\"registry.terraform.io/hashicorp/aws\"]",
      "instances": [
        {
          "schema_version": 0,
          "attributes": {
            "api_id": "85k4kq1755",
            "auto_deployed": false,
            "description": "Deployment for the NotionResponder API",
            "id": "ub1a3b",
            "triggers": {
              "redeployment": "3a36957039a5da9907028353c8ace4025a4a8787"
            }
          },
          "sensitive_attributes": [],
          "private": "bnVsbA==",
          "dependencies": [
            "aws_apigatewayv2_api.notion_responder",
            "aws_apigatewayv2_integration.single_response_integration",
            "aws_apigatewayv2_route.single_response_route",
            "aws_cloudwatch_log_group.invoke_and_store_deepseek_response_logs",
            "aws_iam_role.insert_deepseek_response",
            "aws_lambda_function.invoke_and_store_deepseek_reponse",
            "aws_lambda_layer_version.custom_layer",
            "aws_lambda_layer_version.node_modules_layer",
            "data.archive_file.custom_layer",
            "data.archive_file.invoke_and_store_deepseek_response_archive",
            "data.archive_file.node_modules_layer",
            "null_resource.prepare_custom_layer",
            "null_resource.prepare_node_modules_layer"
          ]
        }
      ]
    },
    {
      "mode": "managed",
      "type": "aws_apigatewayv2_integration",
      "name": "single_response_integration",
      "provider": "provider[\"registry.terraform.io/hashicorp/aws\"]",
      "instances": [
        {
          "schema_version": 0,
          "attributes": {
            "api_id": "85k4kq1755",
            "connection_id": "",
            "connection_type": "INTERNET",
            "content_handling_strategy": "",
            "credentials_arn": "",
            "description": "",
            "id": "vd032t0",
            "integration_method": "POST",
            "integration_response_selection_expression": "",
            "integration_subtype": "",
            "integration_type": "AWS_PROXY",
            "integration_uri": "arn:aws:apigateway:us-east-1:lambda:path/2015-03-31/functions/arn:aws:lambda:us-east-1:273354626884:function:invoke_and_store_deepseek_response/invocations",
            "passthrough_behavior": "",
            "payload_format_version": "1.0",
            "request_parameters": {},
            "request_templates": {},
            "response_parameters": [],
            "template_selection_expression": "",
            "timeout_milliseconds": 30000,
            "tls_config": []
          },
          "sensitive_attributes": [],
          "private": "bnVsbA==",
          "dependencies": [
            "aws_apigatewayv2_api.notion_responder",
            "aws_cloudwatch_log_group.invoke_and_store_deepseek_response_logs",
            "aws_iam_role.insert_deepseek_response",
            "aws_lambda_function.invoke_and_store_deepseek_reponse",
            "aws_lambda_layer_version.custom_layer",
            "aws_lambda_layer_version.node_modules_layer",
            "data.archive_file.custom_layer",
            "data.archive_file.invoke_and_store_deepseek_response_archive",
            "data.archive_file.node_modules_layer",
            "null_resource.prepare_custom_layer",
            "null_resource.prepare_node_modules_layer"
          ]
        }
      ]
    },
    {
      "mode": "managed",
      "type": "aws_apigatewayv2_route",
      "name": "single_response_route",
      "provider": "provider[\"registry.terraform.io/hashicorp/aws\"]",
      "instances": [
        {
          "schema_version": 0,
          "attributes": {
            "api_id": "85k4kq1755",
            "api_key_required": false,
            "authorization_scopes": [],
            "authorization_type": "NONE",
            "authorizer_id": "",
            "id": "udzbivl",
            "model_selection_expression": "",
            "operation_name": "",
            "request_models": {},
            "request_parameter": [],
            "route_key": "POST /single_response/{question}",
            "route_response_selection_expression": "",
            "target": "integrations/vd032t0"
          },
          "sensitive_attributes": [],
          "private": "bnVsbA==",
          "dependencies": [
            "aws_apigatewayv2_api.notion_responder",
            "aws_apigatewayv2_integration.single_response_integration",
            "aws_cloudwatch_log_group.invoke_and_store_deepseek_response_logs",
            "aws_iam_role.insert_deepseek_response",
            "aws_lambda_function.invoke_and_store_deepseek_reponse",
            "aws_lambda_layer_version.custom_layer",
            "aws_lambda_layer_version.node_modules_layer",
            "data.archive_file.custom_layer",
            "data.archive_file.invoke_and_store_deepseek_response_archive",
            "data.archive_file.node_modules_layer",
            "null_resource.prepare_custom_layer",
            "null_resource.prepare_node_modules_layer"
          ]
        }
      ]
    },
    {
      "mode": "managed",
      "type": "aws_apigatewayv2_stage",
      "name": "notion_responder_stage",
      "provider": "provider[\"registry.terraform.io/hashicorp/aws\"]",
      "instances": [
        {
          "schema_version": 0,
          "attributes": {
            "access_log_settings": [
              {
                "destination_arn": "arn:aws:logs:us-east-1:273354626884:log-group:/aws/apigateway/NotionResponder",
                "format": "{\"httpMethod\":\"$context.httpMethod\",\"integrationErrorMessage\":\"$context.integrationErrorMessage\",\"protocol\":\"$context.protocol\",\"requestId\":\"$context.requestId\",\"requestTime\":\"$context.requestTime\",\"resourcePath\":\"$context.resourcePath\",\"responseLength\":\"$context.responseLength\",\"routeKey\":\"$context.routeKey\",\"sourceIp\":\"$context.identity.sourceIp\",\"status\":\"$context.status\"}"
              }
            ],
            "api_id": "85k4kq1755",
            "arn": "arn:aws:apigateway:us-east-1::/apis/85k4kq1755/stages/Dev",
            "auto_deploy": false,
            "client_certificate_id": "",
            "default_route_settings": [
              {
                "data_trace_enabled": false,
                "detailed_metrics_enabled": false,
                "logging_level": "",
                "throttling_burst_limit": 0,
                "throttling_rate_limit": 0
              }
            ],
            "deployment_id": "ub1a3b",
            "description": "",
            "execution_arn": "arn:aws:execute-api:us-east-1:273354626884:85k4kq1755/Dev",
            "id": "Dev",
            "invoke_url": "https://85k4kq1755.execute-api.us-east-1.amazonaws.com/Dev",
            "name": "Dev",
            "route_settings": [],
            "stage_variables": {},
            "tags": {},
            "tags_all": {}
          },
          "sensitive_attributes": [],
          "private": "bnVsbA==",
          "dependencies": [
            "aws_apigatewayv2_api.notion_responder",
            "aws_apigatewayv2_deployment.notion_responder_deployment",
            "aws_apigatewayv2_integration.single_response_integration",
            "aws_apigatewayv2_route.single_response_route",
            "aws_cloudwatch_log_group.invoke_and_store_deepseek_response_logs",
            "aws_cloudwatch_log_group.notion_responder_log_group",
            "aws_iam_role.insert_deepseek_response",
            "aws_lambda_function.invoke_and_store_deepseek_reponse",
            "aws_lambda_layer_version.custom_layer",
            "aws_lambda_layer_version.node_modules_layer",
            "data.archive_file.custom_layer",
            "data.archive_file.invoke_and_store_deepseek_response_archive",
            "data.archive_file.node_modules_layer",
            "null_resource.prepare_custom_layer",
            "null_resource.prepare_node_modules_layer"
          ]
        }
      ]
    },
    {
      "mode": "managed",
      "type": "aws_cloudwatch_log_group",
      "name": "invoke_and_store_deepseek_response_logs",
      "provider": "provider[\"registry.terraform.io/hashicorp/aws\"]",
      "instances": [
        {
          "schema_version": 0,
          "attributes": {
            "arn": "arn:aws:logs:us-east-1:273354626884:log-group:/aws/lambda/invoke_and_store_deepseek_response",
            "id": "/aws/lambda/invoke_and_store_deepseek_response",
            "kms_key_id": "",
            "log_group_class": "STANDARD",
            "name": "/aws/lambda/invoke_and_store_deepseek_response",
            "name_prefix": "",
            "retention_in_days": 14,
            "skip_destroy": false,
            "tags": {},
            "tags_all": {}
          },
          "sensitive_attributes": [],
          "private": "bnVsbA=="
        }
      ]
    },
    {
      "mode": "managed",
      "type": "aws_cloudwatch_log_group",
      "name": "notion_responder_log_group",
      "provider": "provider[\"registry.terraform.io/hashicorp/aws\"]",
      "instances": [
        {
          "schema_version": 0,
          "attributes": {
            "arn": "arn:aws:logs:us-east-1:273354626884:log-group:/aws/apigateway/NotionResponder",
            "id": "/aws/apigateway/NotionResponder",
            "kms_key_id": "",
            "log_group_class": "STANDARD",
            "name": "/aws/apigateway/NotionResponder",
            "name_prefix": "",
            "retention_in_days": 14,
            "skip_destroy": false,
            "tags": {},
            "tags_all": {}
          },
          "sensitive_attributes": [],
          "private": "bnVsbA=="
        }
      ]
    },
    {
      "mode": "managed",
      "type": "aws_cloudwatch_log_group",
      "name": "retrieve_deepseek_response_and_send_email_logs",
      "provider": "provider[\"registry.terraform.io/hashicorp/aws\"]",
      "instances": [
        {
          "schema_version": 0,
          "attributes": {
            "arn": "arn:aws:logs:us-east-1:273354626884:log-group:/aws/lambda/retrieve_deepseek_response_and_send_email",
            "id": "/aws/lambda/retrieve_deepseek_response_and_send_email",
            "kms_key_id": "",
            "log_group_class": "STANDARD",
            "name": "/aws/lambda/retrieve_deepseek_response_and_send_email",
            "name_prefix": "",
            "retention_in_days": 14,
            "skip_destroy": false,
            "tags": {},
            "tags_all": {}
          },
          "sensitive_attributes": [],
          "private": "bnVsbA=="
        }
      ]
    },
    {
      "mode": "managed",
      "type": "aws_dynamodb_table",
      "name": "llm_responses",
      "provider": "provider[\"registry.terraform.io/hashicorp/aws\"]",
      "instances": [
        {
          "schema_version": 1,
          "attributes": {
            "arn": "arn:aws:dynamodb:us-east-1:273354626884:table/LLM_Responses",
            "attribute": [
              {
                "name": "Id",
                "type": "S"
              }
            ],
            "billing_mode": "PAY_PER_REQUEST",
            "deletion_protection_enabled": false,
            "global_secondary_index": [],
            "hash_key": "Id",
            "id": "LLM_Responses",
            "import_table": [],
            "local_secondary_index": [],
            "name": "LLM_Responses",
            "on_demand_throughput": [],
            "point_in_time_recovery": [
              {
                "enabled": false
              }
            ],
            "range_key": null,
            "read_capacity": 0,
            "replica": [],
            "restore_date_time": null,
            "restore_source_name": null,
            "restore_source_table_arn": null,
            "restore_to_latest_time": null,
            "server_side_encryption": [],
            "stream_arn": "arn:aws:dynamodb:us-east-1:273354626884:table/LLM_Responses/stream/2025-03-04T15:29:22.783",
            "stream_enabled": true,
            "stream_label": "2025-03-04T15:29:22.783",
            "stream_view_type": "NEW_AND_OLD_IMAGES",
            "table_class": "STANDARD",
            "tags": {},
            "tags_all": {},
            "timeouts": null,
            "ttl": [
              {
                "attribute_name": "",
                "enabled": false
              }
            ],
            "write_capacity": 0
          },
          "sensitive_attributes": [],
          "private": "eyJlMmJmYjczMC1lY2FhLTExZTYtOGY4OC0zNDM2M2JjN2M0YzAiOnsiY3JlYXRlIjoxODAwMDAwMDAwMDAwLCJkZWxldGUiOjYwMDAwMDAwMDAwMCwidXBkYXRlIjozNjAwMDAwMDAwMDAwfSwic2NoZW1hX3ZlcnNpb24iOiIxIn0="
        }
      ]
    },
    {
      "mode": "managed",
      "type": "aws_iam_policy",
      "name": "insert_into_dynamodb",
      "provider": "provider[\"registry.terraform.io/hashicorp/aws\"]",
      "instances": [
        {
          "schema_version": 0,
          "attributes": {
            "arn": "arn:aws:iam::273354626884:policy/insert_LLM_response_into_dynamodb",
            "attachment_count": 1,
            "description": "Allow lambda to insert LLM response into DynamoDB",
            "id": "arn:aws:iam::273354626884:policy/insert_LLM_response_into_dynamodb",
            "name": "insert_LLM_response_into_dynamodb",
            "name_prefix": "",
            "path": "/",
            "policy": "{\"Statement\":[{\"Action\":[\"dynamodb:PutItem\"],\"Effect\":\"Allow\",\"Resource\":\"arn:aws:dynamodb:us-east-1:273354626884:table/LLM_Responses\"}],\"Version\":\"2012-10-17\"}",
            "policy_id": "ANPAT7JJUS5CCR3ECPHYR",
            "tags": {},
            "tags_all": {}
          },
          "sensitive_attributes": [],
          "private": "bnVsbA==",
          "dependencies": [
            "aws_dynamodb_table.llm_responses"
          ]
        }
      ]
    },
    {
      "mode": "managed",
      "type": "aws_iam_policy",
      "name": "log_to_cloudwatch",
      "provider": "provider[\"registry.terraform.io/hashicorp/aws\"]",
      "instances": [
        {
          "schema_version": 0,
          "attributes": {
            "arn": "arn:aws:iam::273354626884:policy/notion_responder_logs_cloudwatch",
            "attachment_count": 3,
            "description": "This permission policy allows a resource to log to cloudwatch.",
            "id": "arn:aws:iam::273354626884:policy/notion_responder_logs_cloudwatch",
            "name": "notion_responder_logs_cloudwatch",
            "name_prefix": "",
            "path": "/",
            "policy": "{\"Statement\":[{\"Action\":[\"logs:CreateLogGroup\",\"logs:CreateLogStream\",\"logs:PutLogEvents\",\"logs:GetLogEvents\",\"logs:FilterLogEvents\",\"logs:DescribeLogStreams\",\"logs:DescribeLogGroups\"],\"Effect\":\"Allow\",\"Resource\":\"*\"}],\"Version\":\"2012-10-17\"}",
            "policy_id": "ANPAT7JJUS5CBE4DNDAGN",
            "tags": {},
            "tags_all": {}
          },
          "sensitive_attributes": [],
          "private": "bnVsbA=="
        }
      ]
    },
    {
      "mode": "managed",
      "type": "aws_iam_policy",
      "name": "retrieve_from_dynamodb",
      "provider": "provider[\"registry.terraform.io/hashicorp/aws\"]",
      "instances": [
        {
          "schema_version": 0,
          "attributes": {
            "arn": "arn:aws:iam::273354626884:policy/retrieve_from_dynamodb",
            "attachment_count": 1,
            "description": "Allows lambda to retrieve LLM response from DynamoDB stream.",
            "id": "arn:aws:iam::273354626884:policy/retrieve_from_dynamodb",
            "name": "retrieve_from_dynamodb",
            "name_prefix": "",
            "path": "/",
            "policy": "{\"Statement\":[{\"Action\":[\"dynamodb:GetRecords\",\"dynamodb:GetShardIterator\",\"dynamodb:DescribeStream\",\"dynamodb:ListStreams\"],\"Effect\":\"Allow\",\"Resource\":\"arn:aws:dynamodb:us-east-1:273354626884:table/LLM_Responses/stream/2025-03-04T15:29:22.783\"}],\"Version\":\"2012-10-17\"}",
            "policy_id": "ANPAT7JJUS5CNGROUVXP5",
            "tags": {},
            "tags_all": {}
          },
          "sensitive_attributes": [],
          "private": "bnVsbA==",
          "dependencies": [
            "aws_dynamodb_table.llm_responses"
          ]
        }
      ]
    },
    {
      "mode": "managed",
      "type": "aws_iam_policy",
      "name": "send_email",
      "provider": "provider[\"registry.terraform.io/hashicorp/aws\"]",
      "instances": [
        {
          "schema_version": 0,
          "attributes": {
            "arn": "arn:aws:iam::273354626884:policy/send_email_using_ses",
            "attachment_count": 1,
            "description": "This permission policy allows a resource to send emails to any email identity.",
            "id": "arn:aws:iam::273354626884:policy/send_email_using_ses",
            "name": "send_email_using_ses",
            "name_prefix": "",
            "path": "/",
            "policy": "{\"Statement\":[{\"Action\":[\"ses:VerifyEmailIdentity\",\"ses:GetIdentityVerificationAttributes\",\"ses:ListIdentities\",\"ses:SendEmail\"],\"Effect\":\"Allow\",\"Resource\":\"*\"}],\"Version\":\"2012-10-17\"}",
            "policy_id": "ANPAT7JJUS5CGEPR4LXSB",
            "tags": {},
            "tags_all": {}
          },
          "sensitive_attributes": [],
          "private": "bnVsbA=="
        }
      ]
    },
    {
      "mode": "managed",
      "type": "aws_iam_role",
      "name": "access_dynamodb_and_ses",
      "provider": "provider[\"registry.terraform.io/hashicorp/aws\"]",
      "instances": [
        {
          "schema_version": 0,
          "attributes": {
            "arn": "arn:aws:iam::273354626884:role/access_dynamodb_and_ses",
            "assume_role_policy": "{\"Statement\":[{\"Action\":\"sts:AssumeRole\",\"Effect\":\"Allow\",\"Principal\":{\"Service\":\"lambda.amazonaws.com\"}}],\"Version\":\"2012-10-17\"}",
            "create_date": "2025-03-04T15:29:22Z",
            "description": "",
            "force_detach_policies": false,
            "id": "access_dynamodb_and_ses",
            "inline_policy": [],
            "managed_policy_arns": [
              "arn:aws:iam::273354626884:policy/notion_responder_logs_cloudwatch",
              "arn:aws:iam::273354626884:policy/retrieve_from_dynamodb",
              "arn:aws:iam::273354626884:policy/send_email_using_ses"
            ],
            "max_session_duration": 3600,
            "name": "access_dynamodb_and_ses",
            "name_prefix": "",
            "path": "/",
            "permissions_boundary": "",
            "tags": {},
            "tags_all": {},
            "unique_id": "AROAT7JJUS5CPDZWLSBFO"
          },
          "sensitive_attributes": [],
          "private": "bnVsbA=="
        }
      ]
    },
    {
      "mode": "managed",
      "type": "aws_iam_role",
      "name": "apigateway_logs_cloudwatch",
      "provider": "provider[\"registry.terraform.io/hashicorp/aws\"]",
      "instances": [
        {
          "schema_version": 0,
          "attributes": {
            "arn": "arn:aws:iam::273354626884:role/notion_responder_logs",
            "assume_role_policy": "{\"Statement\":[{\"Action\":\"sts:AssumeRole\",\"Effect\":\"Allow\",\"Principal\":{\"Service\":\"apigateway.amazonaws.com\"}}],\"Version\":\"2012-10-17\"}",
            "create_date": "2025-03-06T00:18:50Z",
            "description": "",
            "force_detach_policies": false,
            "id": "notion_responder_logs",
            "inline_policy": [],
            "managed_policy_arns": [
              "arn:aws:iam::273354626884:policy/notion_responder_logs_cloudwatch"
            ],
            "max_session_duration": 3600,
            "name": "notion_responder_logs",
            "name_prefix": "",
            "path": "/",
            "permissions_boundary": "",
            "tags": {},
            "tags_all": {},
            "unique_id": "AROAT7JJUS5CFVQFMCLTE"
          },
          "sensitive_attributes": [],
          "private": "bnVsbA=="
        }
      ]
    },
    {
      "mode": "managed",
      "type": "aws_iam_role",
      "name": "insert_deepseek_response",
      "provider": "provider[\"registry.terraform.io/hashicorp/aws\"]",
      "instances": [
        {
          "schema_version": 0,
          "attributes": {
            "arn": "arn:aws:iam::273354626884:role/insert_deepseek_response",
            "assume_role_policy": "{\"Statement\":[{\"Action\":\"sts:AssumeRole\",\"Effect\":\"Allow\",\"Principal\":{\"Service\":\"lambda.amazonaws.com\"}}],\"Version\":\"2012-10-17\"}",
            "create_date": "2025-03-04T15:29:22Z",
            "description": "",
            "force_detach_policies": false,
            "id": "insert_deepseek_response",
            "inline_policy": [],
            "managed_policy_arns": [
              "arn:aws:iam::273354626884:policy/insert_LLM_response_into_dynamodb",
              "arn:aws:iam::273354626884:policy/notion_responder_logs_cloudwatch"
            ],
            "max_session_duration": 3600,
            "name": "insert_deepseek_response",
            "name_prefix": "",
            "path": "/",
            "permissions_boundary": "",
            "tags": {},
            "tags_all": {},
            "unique_id": "AROAT7JJUS5CHWXBFPUXG"
          },
          "sensitive_attributes": [],
          "private": "bnVsbA=="
        }
      ]
    },
    {
      "mode": "managed",
      "type": "aws_iam_role_policy_attachment",
      "name": "access_to_dynamodb_to_retrieve_data",
      "provider": "provider[\"registry.terraform.io/hashicorp/aws\"]",
      "instances": [
        {
          "index_key": "arn:aws:iam::273354626884:policy/notion_responder_logs_cloudwatch",
          "schema_version": 0,
          "attributes": {
            "id": "access_dynamodb_and_ses-20250306001849770400000003",
            "policy_arn": "arn:aws:iam::273354626884:policy/notion_responder_logs_cloudwatch",
            "role": "access_dynamodb_and_ses"
          },
          "sensitive_attributes": [],
          "private": "bnVsbA==",
          "dependencies": [
            "aws_dynamodb_table.llm_responses",
            "aws_iam_policy.log_to_cloudwatch",
            "aws_iam_policy.retrieve_from_dynamodb",
            "aws_iam_role.access_dynamodb_and_ses"
          ]
        },
        {
          "index_key": "arn:aws:iam::273354626884:policy/retrieve_from_dynamodb",
          "schema_version": 0,
          "attributes": {
            "id": "access_dynamodb_and_ses-20250306003013168400000001",
            "policy_arn": "arn:aws:iam::273354626884:policy/retrieve_from_dynamodb",
            "role": "access_dynamodb_and_ses"
          },
          "sensitive_attributes": [],
          "private": "bnVsbA==",
          "dependencies": [
            "aws_dynamodb_table.llm_responses",
            "aws_iam_policy.log_to_cloudwatch",
            "aws_iam_policy.retrieve_from_dynamodb",
            "aws_iam_role.access_dynamodb_and_ses"
          ]
        }
      ]
    },
    {
      "mode": "managed",
      "type": "aws_iam_role_policy_attachment",
      "name": "api_gateway_logs_to_cloudwatch_attachment",
      "provider": "provider[\"registry.terraform.io/hashicorp/aws\"]",
      "instances": [
        {
          "schema_version": 0,
          "attributes": {
            "id": "notion_responder_logs-20250306001850266100000005",
            "policy_arn": "arn:aws:iam::273354626884:policy/notion_responder_logs_cloudwatch",
            "role": "notion_responder_logs"
          },
          "sensitive_attributes": [],
          "private": "bnVsbA==",
          "dependencies": [
            "aws_iam_policy.log_to_cloudwatch",
            "aws_iam_role.apigateway_logs_cloudwatch"
          ]
        }
      ]
    },
    {
      "mode": "managed",
      "type": "aws_iam_role_policy_attachment",
      "name": "insert_response_into_dynamodb",
      "provider": "provider[\"registry.terraform.io/hashicorp/aws\"]",
      "instances": [
        {
          "index_key": "arn:aws:iam::273354626884:policy/insert_LLM_response_into_dynamodb",
          "schema_version": 0,
          "attributes": {
            "id": "insert_deepseek_response-20250306003013171400000002",
            "policy_arn": "arn:aws:iam::273354626884:policy/insert_LLM_response_into_dynamodb",
            "role": "insert_deepseek_response"
          },
          "sensitive_attributes": [],
          "private": "bnVsbA==",
          "dependencies": [
            "aws_dynamodb_table.llm_responses",
            "aws_iam_policy.insert_into_dynamodb",
            "aws_iam_policy.log_to_cloudwatch",
            "aws_iam_role.insert_deepseek_response"
          ]
        },
        {
          "index_key": "arn:aws:iam::273354626884:policy/notion_responder_logs_cloudwatch",
          "schema_version": 0,
          "attributes": {
            "id": "insert_deepseek_response-20250306001849807400000004",
            "policy_arn": "arn:aws:iam::273354626884:policy/notion_responder_logs_cloudwatch",
            "role": "insert_deepseek_response"
          },
          "sensitive_attributes": [],
          "private": "bnVsbA==",
          "dependencies": [
            "aws_dynamodb_table.llm_responses",
            "aws_iam_policy.insert_into_dynamodb",
            "aws_iam_policy.log_to_cloudwatch",
            "aws_iam_role.insert_deepseek_response"
          ]
        }
      ]
    },
    {
      "mode": "managed",
      "type": "aws_iam_role_policy_attachment",
      "name": "send_emails_using_ses",
      "provider": "provider[\"registry.terraform.io/hashicorp/aws\"]",
      "instances": [
        {
          "schema_version": 0,
          "attributes": {
            "id": "access_dynamodb_and_ses-20250308034926395300000001",
            "policy_arn": "arn:aws:iam::273354626884:policy/send_email_using_ses",
            "role": "access_dynamodb_and_ses"
          },
          "sensitive_attributes": [],
          "private": "bnVsbA==",
          "dependencies": [
            "aws_iam_policy.send_email",
            "aws_iam_role.access_dynamodb_and_ses"
          ]
        }
      ]
    },
    {
      "mode": "managed",
      "type": "aws_lambda_event_source_mapping",
      "name": "dynamodb_lambda_trigger",
      "provider": "provider[\"registry.terraform.io/hashicorp/aws\"]",
      "instances": [
        {
          "schema_version": 0,
          "attributes": {
            "amazon_managed_kafka_event_source_config": [],
            "arn": "arn:aws:lambda:us-east-1:273354626884:event-source-mapping:a9e6c212-1928-4953-9d99-1afef54a72b2",
            "batch_size": 1,
            "bisect_batch_on_function_error": false,
            "destination_config": [
              {
                "on_failure": [
                  {
                    "destination_arn": null
                  }
                ]
              }
            ],
            "document_db_event_source_config": [],
            "enabled": true,
            "event_source_arn": "arn:aws:dynamodb:us-east-1:273354626884:table/LLM_Responses/stream/2025-03-04T15:29:22.783",
            "filter_criteria": [],
            "function_arn": "arn:aws:lambda:us-east-1:273354626884:function:retrieve_deepseek_response_and_send_email",
            "function_name": "arn:aws:lambda:us-east-1:273354626884:function:retrieve_deepseek_response_and_send_email",
            "function_response_types": [],
            "id": "a9e6c212-1928-4953-9d99-1afef54a72b2",
            "kms_key_arn": "",
            "last_modified": "2025-03-10T00:14:00Z",
            "last_processing_result": "OK",
            "maximum_batching_window_in_seconds": 0,
            "maximum_record_age_in_seconds": -1,
            "maximum_retry_attempts": 3,
            "metrics_config": [],
            "parallelization_factor": 1,
            "provisioned_poller_config": [],
            "queues": [],
            "scaling_config": [],
            "self_managed_event_source": [],
            "self_managed_kafka_event_source_config": [],
            "source_access_configuration": [],
            "starting_position": "LATEST",
            "starting_position_timestamp": "",
            "state": "Enabled",
            "state_transition_reason": "User action",
            "tags": {},
            "tags_all": {},
            "topics": [],
            "tumbling_window_in_seconds": 0,
            "uuid": "a9e6c212-1928-4953-9d99-1afef54a72b2"
          },
          "sensitive_attributes": [],
          "private": "bnVsbA==",
          "dependencies": [
            "aws_cloudwatch_log_group.retrieve_deepseek_response_and_send_email_logs",
            "aws_dynamodb_table.llm_responses",
            "aws_iam_role.access_dynamodb_and_ses",
            "aws_lambda_function.retrieve_deepseek_response_and_send_email",
            "aws_lambda_layer_version.custom_layer",
            "aws_lambda_layer_version.node_modules_layer",
            "data.archive_file.custom_layer",
            "data.archive_file.node_modules_layer",
            "data.archive_file.retrieve_deepseek_response_and_send_email_archive",
            "null_resource.prepare_custom_layer",
            "null_resource.prepare_node_modules_layer"
          ]
        }
      ]
    },
    {
      "mode": "managed",
      "type": "aws_lambda_function",
      "name": "invoke_and_store_deepseek_reponse",
      "provider": "provider[\"registry.terraform.io/hashicorp/aws\"]",
      "instances": [
        {
          "schema_version": 0,
          "attributes": {
            "architectures": [
              "x86_64"
            ],
            "arn": "arn:aws:lambda:us-east-1:273354626884:function:invoke_and_store_deepseek_response",
            "code_sha256": "fDHCeRyEegewulgznS43tYLaDEdgdPIetA7XQDRh+8A=",
            "code_signing_config_arn": "",
            "dead_letter_config": [],
            "description": "",
            "environment": [
              {
                "variables": {
                  "API_KEY": "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",
                  "database_role_arn": "arn:aws:iam::273354626884:role/insert_deepseek_response",
                  "sessionName": "invokeDeepSeek"
                }
              }
            ],
            "ephemeral_storage": [
              {
                "size": 512
              }
            ],
            "file_system_config": [],
            "filename": "./invokeDeepSeek.zip",
            "function_name": "invoke_and_store_deepseek_response",
            "handler": "invokeDeepSeek.handler",
            "id": "invoke_and_store_deepseek_response",
            "image_config": [],
            "image_uri": "",
            "invoke_arn": "arn:aws:apigateway:us-east-1:lambda:path/2015-03-31/functions/arn:aws:lambda:us-east-1:273354626884:function:invoke_and_store_deepseek_response/invocations",
            "kms_key_arn": "",
            "last_modified": "2025-03-10T00:25:23.000+0000",
            "layers": [
              "arn:aws:lambda:us-east-1:273354626884:layer:node_modules_layer:1",
              "arn:aws:lambda:us-east-1:273354626884:layer:custom_layer:15"
            ],
            "logging_config": [
              {
                "application_log_level": "",
                "log_format": "Text",
                "log_group": "/aws/lambda/invoke_and_store_deepseek_response",
                "system_log_level": ""
              }
            ],
            "memory_size": 128,
            "package_type": "Zip",
            "publish": false,
            "qualified_arn": "arn:aws:lambda:us-east-1:273354626884:function:invoke_and_store_deepseek_response:$LATEST",
            "qualified_invoke_arn": "arn:aws:apigateway:us-east-1:lambda:path/2015-03-31/functions/arn:aws:lambda:us-east-1:273354626884:function:invoke_and_store_deepseek_response:$LATEST/invocations",
            "replace_security_groups_on_destroy": null,
            "replacement_security_group_ids": null,
            "reserved_concurrent_executions": -1,
            "role": "arn:aws:iam::273354626884:role/insert_deepseek_response",
            "runtime": "nodejs20.x",
            "s3_bucket": null,
            "s3_key": null,
            "s3_object_version": null,
            "signing_job_arn": "",
            "signing_profile_version_arn": "",
            "skip_destroy": false,
            "snap_start": [],
            "source_code_hash": "fDHCeRyEegewulgznS43tYLaDEdgdPIetA7XQDRh+8A=",
            "source_code_size": 821,
            "tags": {},
            "tags_all": {},
            "timeout": 180,
            "timeouts": null,
            "tracing_config": [
              {
                "mode": "PassThrough"
              }
            ],
            "version": "$LATEST",
            "vpc_config": []
          },
          "sensitive_attributes": [
            [
              {
                "type": "get_attr",
                "value": "environment"
              },
              {
                "type": "index",
                "value": {
                  "value": 0,
                  "type": "number"
                }
              },
              {
                "type": "get_attr",
                "value": "variables"
              },
              {
                "type": "index",
                "value": {
                  "value": "API_KEY",
                  "type": "string"
                }
              }
            ]
          ],
          "private": "eyJlMmJmYjczMC1lY2FhLTExZTYtOGY4OC0zNDM2M2JjN2M0YzAiOnsiY3JlYXRlIjo2MDAwMDAwMDAwMDAsImRlbGV0ZSI6NjAwMDAwMDAwMDAwLCJ1cGRhdGUiOjYwMDAwMDAwMDAwMH19",
          "dependencies": [
            "aws_cloudwatch_log_group.invoke_and_store_deepseek_response_logs",
            "aws_iam_role.insert_deepseek_response",
            "aws_lambda_layer_version.custom_layer",
            "aws_lambda_layer_version.node_modules_layer",
            "data.archive_file.custom_layer",
            "data.archive_file.invoke_and_store_deepseek_response_archive",
            "data.archive_file.node_modules_layer",
            "null_resource.prepare_custom_layer",
            "null_resource.prepare_node_modules_layer"
          ]
        }
      ]
    },
    {
      "mode": "managed",
      "type": "aws_lambda_function",
      "name": "retrieve_deepseek_response_and_send_email",
      "provider": "provider[\"registry.terraform.io/hashicorp/aws\"]",
      "instances": [
        {
          "schema_version": 0,
          "attributes": {
            "architectures": [
              "x86_64"
            ],
            "arn": "arn:aws:lambda:us-east-1:273354626884:function:retrieve_deepseek_response_and_send_email",
            "code_sha256": "OK8kuwpTI+PxnNk5l276lcM6pHqdqKTkBKoCE5SHq5Y=",
            "code_signing_config_arn": "",
            "dead_letter_config": [],
            "description": "",
            "environment": [
              {
                "variables": {
                  "recipient_email_address": "kinghabz14@gmail.com",
                  "sender_email_address": "moezahidhabib@gmail.com",
                  "ses_role_arn": "arn:aws:iam::273354626884:role/access_dynamodb_and_ses",
                  "sessionName": "retrieveResponseFromDynamoDB"
                }
              }
            ],
            "ephemeral_storage": [
              {
                "size": 512
              }
            ],
            "file_system_config": [],
            "filename": "./retrieveResponseFromDynamoDB.zip",
            "function_name": "retrieve_deepseek_response_and_send_email",
            "handler": "retrieveResponseFromDynamoDB.handler",
            "id": "retrieve_deepseek_response_and_send_email",
            "image_config": [],
            "image_uri": "",
            "invoke_arn": "arn:aws:apigateway:us-east-1:lambda:path/2015-03-31/functions/arn:aws:lambda:us-east-1:273354626884:function:retrieve_deepseek_response_and_send_email/invocations",
            "kms_key_arn": "",
            "last_modified": "2025-03-10T00:25:17.000+0000",
            "layers": [
              "arn:aws:lambda:us-east-1:273354626884:layer:node_modules_layer:1",
              "arn:aws:lambda:us-east-1:273354626884:layer:custom_layer:15"
            ],
            "logging_config": [
              {
                "application_log_level": "",
                "log_format": "Text",
                "log_group": "/aws/lambda/retrieve_deepseek_response_and_send_email",
                "system_log_level": ""
              }
            ],
            "memory_size": 128,
            "package_type": "Zip",
            "publish": false,
            "qualified_arn": "arn:aws:lambda:us-east-1:273354626884:function:retrieve_deepseek_response_and_send_email:$LATEST",
            "qualified_invoke_arn": "arn:aws:apigateway:us-east-1:lambda:path/2015-03-31/functions/arn:aws:lambda:us-east-1:273354626884:function:retrieve_deepseek_response_and_send_email:$LATEST/invocations",
            "replace_security_groups_on_destroy": null,
            "replacement_security_group_ids": null,
            "reserved_concurrent_executions": -1,
            "role": "arn:aws:iam::273354626884:role/access_dynamodb_and_ses",
            "runtime": "nodejs20.x",
            "s3_bucket": null,
            "s3_key": null,
            "s3_object_version": null,
            "signing_job_arn": "",
            "signing_profile_version_arn": "",
            "skip_destroy": false,
            "snap_start": [],
            "source_code_hash": "OK8kuwpTI+PxnNk5l276lcM6pHqdqKTkBKoCE5SHq5Y=",
            "source_code_size": 799,
            "tags": {},
            "tags_all": {},
            "timeout": 3,
            "timeouts": null,
            "tracing_config": [
              {
                "mode": "PassThrough"
              }
            ],
            "version": "$LATEST",
            "vpc_config": []
          },
          "sensitive_attributes": [],
          "private": "eyJlMmJmYjczMC1lY2FhLTExZTYtOGY4OC0zNDM2M2JjN2M0YzAiOnsiY3JlYXRlIjo2MDAwMDAwMDAwMDAsImRlbGV0ZSI6NjAwMDAwMDAwMDAwLCJ1cGRhdGUiOjYwMDAwMDAwMDAwMH19",
          "dependencies": [
            "aws_cloudwatch_log_group.retrieve_deepseek_response_and_send_email_logs",
            "aws_iam_role.access_dynamodb_and_ses",
            "aws_lambda_layer_version.custom_layer",
            "aws_lambda_layer_version.node_modules_layer",
            "data.archive_file.custom_layer",
            "data.archive_file.node_modules_layer",
            "data.archive_file.retrieve_deepseek_response_and_send_email_archive",
            "null_resource.prepare_custom_layer",
            "null_resource.prepare_node_modules_layer"
          ]
        }
      ]
    },
    {
      "mode": "managed",
      "type": "aws_lambda_layer_version",
      "name": "custom_layer",
      "provider": "provider[\"registry.terraform.io/hashicorp/aws\"]",
      "instances": [
        {
          "schema_version": 0,
          "attributes": {
            "arn": "arn:aws:lambda:us-east-1:273354626884:layer:custom_layer:15",
            "code_sha256": "3KFKW2K2mGCLqDQl931CnJ3//64AJa1jSChwH2T76X0=",
            "compatible_architectures": null,
            "compatible_runtimes": [
              "nodejs20.x"
            ],
            "created_date": "2025-03-10T00:25:11.256+0000",
            "description": "Layer containing the custom code.",
            "filename": "./lambda_layer.zip",
            "id": "arn:aws:lambda:us-east-1:273354626884:layer:custom_layer:15",
            "layer_arn": "arn:aws:lambda:us-east-1:273354626884:layer:custom_layer",
            "layer_name": "custom_layer",
            "license_info": "",
            "s3_bucket": null,
            "s3_key": null,
            "s3_object_version": null,
            "signing_job_arn": "",
            "signing_profile_version_arn": "",
            "skip_destroy": false,
            "source_code_hash": "3KFKW2K2mGCLqDQl931CnJ3//64AJa1jSChwH2T76X0=",
            "source_code_size": 5506,
            "version": "15"
          },
          "sensitive_attributes": [],
          "private": "bnVsbA==",
          "dependencies": [
            "data.archive_file.custom_layer",
            "null_resource.prepare_custom_layer"
          ]
        }
      ]
    },
    {
      "mode": "managed",
      "type": "aws_lambda_layer_version",
      "name": "node_modules_layer",
      "provider": "provider[\"registry.terraform.io/hashicorp/aws\"]",
      "instances": [
        {
          "schema_version": 0,
          "attributes": {
            "arn": "arn:aws:lambda:us-east-1:273354626884:layer:node_modules_layer:1",
            "code_sha256": "iu4zlEauqKz742RMmIIrPvxPlHGVK1UsOsn5btziUBQ=",
            "compatible_architectures": [],
            "compatible_runtimes": [
              "nodejs20.x"
            ],
            "created_date": "2025-03-04T22:37:39.065+0000",
            "description": "Layer containing the node modules.",
            "filename": "./node_modules_layer.zip",
            "id": "arn:aws:lambda:us-east-1:273354626884:layer:node_modules_layer:1",
            "layer_arn": "arn:aws:lambda:us-east-1:273354626884:layer:node_modules_layer",
            "layer_name": "node_modules_layer",
            "license_info": "",
            "s3_bucket": null,
            "s3_key": null,
            "s3_object_version": null,
            "signing_job_arn": "",
            "signing_profile_version_arn": "",
            "skip_destroy": false,
            "source_code_hash": "iu4zlEauqKz742RMmIIrPvxPlHGVK1UsOsn5btziUBQ=",
            "source_code_size": 4528416,
            "version": "1"
          },
          "sensitive_attributes": [],
          "private": "bnVsbA==",
          "dependencies": [
            "data.archive_file.node_modules_layer",
            "null_resource.prepare_node_modules_layer"
          ]
        }
      ]
    },
    {
      "mode": "managed",
      "type": "aws_lambda_permission",
      "name": "notion_responder_invoke_and_store_deepseek_response",
      "provider": "provider[\"registry.terraform.io/hashicorp/aws\"]",
      "instances": [
        {
          "schema_version": 0,
          "attributes": {
            "action": "lambda:InvokeFunction",
            "event_source_token": null,
            "function_name": "invoke_and_store_deepseek_response",
            "function_url_auth_type": null,
            "id": "AllowExecutionFromAPIGateway",
            "principal": "apigateway.amazonaws.com",
            "principal_org_id": null,
            "qualifier": "",
            "source_account": null,
            "source_arn": "arn:aws:execute-api:us-east-1:273354626884:85k4kq1755/*/*",
            "statement_id": "AllowExecutionFromAPIGateway",
            "statement_id_prefix": ""
          },
          "sensitive_attributes": [],
          "private": "bnVsbA==",
          "dependencies": [
            "aws_apigatewayv2_api.notion_responder",
            "aws_cloudwatch_log_group.invoke_and_store_deepseek_response_logs",
            "aws_iam_role.insert_deepseek_response",
            "aws_lambda_function.invoke_and_store_deepseek_reponse",
            "aws_lambda_layer_version.custom_layer",
            "aws_lambda_layer_version.node_modules_layer",
            "data.archive_file.custom_layer",
            "data.archive_file.invoke_and_store_deepseek_response_archive",
            "data.archive_file.node_modules_layer",
            "null_resource.prepare_custom_layer",
            "null_resource.prepare_node_modules_layer"
          ]
        }
      ]
    },
    {
      "mode": "managed",
      "type": "null_resource",
      "name": "prepare_custom_layer",
      "provider": "provider[\"registry.terraform.io/hashicorp/null\"]",
      "instances": [
        {
          "schema_version": 0,
          "attributes": {
            "id": "3711116574703963892",
            "triggers": {
              "layer_hash": "0a2830f94341973456a2071b155d7ee6042d9e49bfdd9cde508d32d22eddadba"
            }
          },
          "sensitive_attributes": []
        }
      ]
    },
    {
      "mode": "managed",
      "type": "null_resource",
      "name": "prepare_node_modules_layer",
      "provider": "provider[\"registry.terraform.io/hashicorp/null\"]",
      "instances": [
        {
          "schema_version": 0,
          "attributes": {
            "id": "1658435299771362323",
            "triggers": {
              "node_modules_hash": "3016f1d69bce4a9ca94786b00de5151a"
            }
          },
          "sensitive_attributes": []
        }
      ]
    }
  ],
  "check_results": null
}
